
Microsoft Visual Studio Solution File, Format Version 12.00
# Visual Studio Version 16
VisualStudioVersion = 16.0.31424.327
MinimumVisualStudioVersion = 10.0.40219.1
Project("{FAE04EC0-301F-11D3-BF4B-00C04F79EFBC}") = "BirdenNKadarCiftSayilarinnToplam", "BirdenNKadarCiftSayilarinnToplam\BirdenNKadarCiftSayilarinnToplam.csproj", "{F6E5D17E-1183-4D63-94F3-B366038DE2D3}"
EndProject
Project("{9A19103F-16F7-4668-BE54-9A1E7A4F7556}") = "DegiskenlerUygulamasi", "DegiskenlerUygulamasi\DegiskenlerUygulamasi.csproj", "{8A2B4BBD-9F9C-451C-B93F-1C9061D4F58D}"
EndProject
Project("{9A19103F-16F7-4668-BE54-9A1E7A4F7556}") = "KontrolYapilari", "KontrolYapilari\KontrolYapilari.csproj", "{A33F3DCC-A84C-41F0-BA92-50439B53E826}"
EndProject
Project("{FAE04EC0-301F-11D3-BF4B-00C04F79EFBC}") = "DegerTipleri", "DegerTipleri\DegerTipleri.csproj", "{955D4DFC-DF07-4906-9A18-1C5AAFA9B43A}"
EndProject
Global
	GlobalSection(SolutionConfigurationPlatforms) = preSolution
		Debug|Any CPU = Debug|Any CPU
		Release|Any CPU = Release|Any CPU
	EndGlobalSection
	GlobalSection(ProjectConfigurationPlatforms) = postSolution
		{F6E5D17E-1183-4D63-94F3-B366038DE2D3}.Debug|Any CPU.ActiveCfg = Debug|Any CPU
		{F6E5D17E-1183-4D63-94F3-B366038DE2D3}.Debug|Any CPU.Build.0 = Debug|Any CPU
		{F6E5D17E-1183-4D63-94F3-B366038DE2D3}.Release|Any CPU.ActiveCfg = Release|Any CPU
		{F6E5D17E-1183-4D63-94F3-B366038DE2D3}.Release|Any CPU.Build.0 = Release|Any CPU
		{8A2B4BBD-9F9C-451C-B93F-1C9061D4F58D}.Debug|Any CPU.ActiveCfg = Debug|Any CPU
		{8A2B4BBD-9F9C-451C-B93F-1C9061D4F58D}.Debug|Any CPU.Build.0 = Debug|Any CPU
		{8A2B4BBD-9F9C-451C-B93F-1C9061D4F58D}.Release|Any CPU.ActiveCfg = Release|Any CPU
		{8A2B4BBD-9F9C-451C-B93F-1C9061D4F58D}.Release|Any CPU.Build.0 = Release|Any CPU
		{A33F3DCC-A84C-41F0-BA92-50439B53E826}.Debug|Any CPU.ActiveCfg = Debug|Any CPU
		{A33F3DCC-A84C-41F0-BA92-50439B53E826}.Debug|Any CPU.Build.0 = Debug|Any CPU
		{A33F3DCC-A84C-41F0-BA92-50439B53E826}.Release|Any CPU.ActiveCfg = Release|Any CPU
		{A33F3DCC-A84C-41F0-BA92-50439B53E826}.Release|Any CPU.Build.0 = Release|Any CPU
		{955D4DFC-DF07-4906-9A18-1C5AAFA9B43A}.Debug|Any CPU.ActiveCfg = Debug|Any CPU
		{955D4DFC-DF07-4906-9A18-1C5AAFA9B43A}.Debug|Any CPU.Build.0 = Debug|Any CPU
		{955D4DFC-DF07-4906-9A18-1C5AAFA9B43A}.Release|Any CPU.ActiveCfg = Release|Any CPU
		{955D4DFC-DF07-4906-9A18-1C5AAFA9B43A}.Release|Any CPU.Build.0 = Release|Any CPU
	EndGlobalSection
	GlobalSection(SolutionProperties) = preSolution
		HideSolutionNode = FALSE
	EndGlobalSection
	GlobalSection(ExtensibilityGlobals) = postSolution
		SolutionGuid = {9BABDBD7-F201-4752-AF6E-630B15DEFE59}
	EndGlobalSection
EndGlobal
